
Microsoft Visual Studio Solution File, Format Version 12.00
# Visual Studio Version 16
VisualStudioVersion = 16.0.29613.14
MinimumVisualStudioVersion = 10.0.40219.1
Project("{FAE04EC0-301F-11D3-BF4B-00C04F79EFBC}") = "HomelessModel", "HomelessModel.csproj", "{B4E719D1-E243-49DE-9D52-E14C65D58D64}"
EndProject
Global
	GlobalSection(SolutionConfigurationPlatforms) = preSolution
		Debug|Any CPU = Debug|Any CPU
		Release|Any CPU = Release|Any CPU
	EndGlobalSection
	GlobalSection(ProjectConfigurationPlatforms) = postSolution
		{B4E719D1-E243-49DE-9D52-E14C65D58D64}.Debug|Any CPU.ActiveCfg = Debug|Any CPU
		{B4E719D1-E243-49DE-9D52-E14C65D58D64}.Debug|Any CPU.Build.0 = Debug|Any CPU
		{B4E719D1-E243-49DE-9D52-E14C65D58D64}.Release|Any CPU.ActiveCfg = Release|Any CPU
		{B4E719D1-E243-49DE-9D52-E14C65D58D64}.Release|Any CPU.Build.0 = Release|Any CPU
	EndGlobalSection
	GlobalSection(SolutionProperties) = preSolution
		HideSolutionNode = FALSE
	EndGlobalSection
	GlobalSection(ExtensibilityGlobals) = postSolution
		SolutionGuid = {D33DC445-3F6A-4A86-B14A-D93F94A5AB85}
	EndGlobalSection
EndGlobal
